{
  "name": "prisma-sqlite",
  "version": "1.0.0",
  "lockfileVersion": 1,
  "requires": true,
  "dependencies": {
    "@prisma/cli": {
      "version": "2.0.0-beta.3",
      "resolved": "https://registry.npmjs.org/@prisma/cli/-/cli-2.0.0-beta.3.tgz",
      "integrity": "sha512-VZxeTLLMenhkAyaY4tvTqChcW6QtUkiVvZj7N6A2vi6HsM1Tnf0fIZsiH1h3e/LEnaaDGIUC8F4Gkh2SeyeyCg==",
      "dev": true
    },
    "@prisma/client": {
      "version": "2.0.0-beta.3",
      "resolved": "https://registry.npmjs.org/@prisma/client/-/client-2.0.0-beta.3.tgz",
      "integrity": "sha512-itwRDl9PS8pD9InbHFeh1m3kyMibpZbkMHx9/Q7lNVaxvBJeJjNlVFmclL9AIFMDAUhD+KtspqkBwUHKgJpd7g=="
    }
  }
}
